
Microsoft Visual Studio Solution File, Format Version 12.00
# Visual Studio Version 16
VisualStudioVersion = 16.0.31613.86
MinimumVisualStudioVersion = 10.0.40219.1
Project("{FAE04EC0-301F-11D3-BF4B-00C04F79EFBC}") = "MoodAnalyzerProblem", "MoodAnalyzerProblem\MoodAnalyzerProblem.csproj", "{AA2545A4-B437-417C-A11A-2B09E73656BC}"
EndProject
Project("{FAE04EC0-301F-11D3-BF4B-00C04F79EFBC}") = "MoodAnalyzerTest", "MoodAnalyzerTest\MoodAnalyzerTest.csproj", "{6B91366A-ABD8-4010-9772-BEA21CE76D44}"
EndProject
Global
	GlobalSection(SolutionConfigurationPlatforms) = preSolution
		Debug|Any CPU = Debug|Any CPU
		Release|Any CPU = Release|Any CPU
	EndGlobalSection
	GlobalSection(ProjectConfigurationPlatforms) = postSolution
		{AA2545A4-B437-417C-A11A-2B09E73656BC}.Debug|Any CPU.ActiveCfg = Debug|Any CPU
		{AA2545A4-B437-417C-A11A-2B09E73656BC}.Debug|Any CPU.Build.0 = Debug|Any CPU
		{AA2545A4-B437-417C-A11A-2B09E73656BC}.Release|Any CPU.ActiveCfg = Release|Any CPU
		{AA2545A4-B437-417C-A11A-2B09E73656BC}.Release|Any CPU.Build.0 = Release|Any CPU
		{6B91366A-ABD8-4010-9772-BEA21CE76D44}.Debug|Any CPU.ActiveCfg = Debug|Any CPU
		{6B91366A-ABD8-4010-9772-BEA21CE76D44}.Debug|Any CPU.Build.0 = Debug|Any CPU
		{6B91366A-ABD8-4010-9772-BEA21CE76D44}.Release|Any CPU.ActiveCfg = Release|Any CPU
		{6B91366A-ABD8-4010-9772-BEA21CE76D44}.Release|Any CPU.Build.0 = Release|Any CPU
	EndGlobalSection
	GlobalSection(SolutionProperties) = preSolution
		HideSolutionNode = FALSE
	EndGlobalSection
	GlobalSection(ExtensibilityGlobals) = postSolution
		SolutionGuid = {F1374E9A-F354-457D-9706-C922FB3F0B2F}
	EndGlobalSection
EndGlobal
